// !$*UTF8*$!
{
	archiveVersion = 1;
	classes = {
	};
	objectVersion = 46;
	objects = {

/* Begin PBXBuildFile section */
		3F2FF46B1C17377C00A06662 /* AppDelegate.swift in Sources */ = {isa = PBXBuildFile; fileRef = 3F2FF46A1C17377C00A06662 /* AppDelegate.swift */; };
		3F2FF46D1C17377C00A06662 /* ViewController.swift in Sources */ = {isa = PBXBuildFile; fileRef = 3F2FF46C1C17377C00A06662 /* ViewController.swift */; };
		3F2FF4701C17377C00A06662 /* Main.storyboard in Resources */ = {isa = PBXBuildFile; fileRef = 3F2FF46E1C17377C00A06662 /* Main.storyboard */; };
		3F2FF4721C17377C00A06662 /* Assets.xcassets in Resources */ = {isa = PBXBuildFile; fileRef = 3F2FF4711C17377C00A06662 /* Assets.xcassets */; };
		3F2FF4751C17377C00A06662 /* LaunchScreen.storyboard in Resources */ = {isa = PBXBuildFile; fileRef = 3F2FF4731C17377C00A06662 /* LaunchScreen.storyboard */; };
		3F2FF4801C17377D00A06662 /* WarTests.swift in Sources */ = {isa = PBXBuildFile; fileRef = 3F2FF47F1C17377D00A06662 /* WarTests.swift */; };
		3F2FF48B1C17377D00A06662 /* WarUITests.swift in Sources */ = {isa = PBXBuildFile; fileRef = 3F2FF48A1C17377D00A06662 /* WarUITests.swift */; };
		3F2FF4991C1759EA00A06662 /* View2.swift in Sources */ = {isa = PBXBuildFile; fileRef = 3F2FF4981C1759EA00A06662 /* View2.swift */; };
		3F2FF49B1C175BC100A06662 /* Card.swift in Sources */ = {isa = PBXBuildFile; fileRef = 3F2FF49A1C175BC100A06662 /* Card.swift */; };
/* End PBXBuildFile section */

/* Begin PBXContainerItemProxy section */
		3F2FF47C1C17377D00A06662 /* PBXContainerItemProxy */ = {
			isa = PBXContainerItemProxy;
			containerPortal = 3F2FF45F1C17377C00A06662 /* Project object */;
			proxyType = 1;
			remoteGlobalIDString = 3F2FF4661C17377C00A06662;
			remoteInfo = War;
		};
		3F2FF4871C17377D00A06662 /* PBXContainerItemProxy */ = {
			isa = PBXContainerItemProxy;
			containerPortal = 3F2FF45F1C17377C00A06662 /* Project object */;
			proxyType = 1;
			remoteGlobalIDString = 3F2FF4661C17377C00A06662;
			remoteInfo = War;
		};
/* End PBXContainerItemProxy section */

/* Begin PBXFileReference section */
		3F2FF4671C17377C00A06662 /* War.app */ = {isa = PBXFileReference; explicitFileType = wrapper.application; includeInIndex = 0; path = War.app; sourceTree = BUILT_PRODUCTS_DIR; };
		3F2FF46A1C17377C00A06662 /* AppDelegate.swift */ = {isa = PBXFileReference; lastKnownFileType = sourcecode.swift; path = AppDelegate.swift; sourceTree = "<group>"; };
		3F2FF46C1C17377C00A06662 /* ViewController.swift */ = {isa = PBXFileReference; lastKnownFileType = sourcecode.swift; path = ViewController.swift; sourceTree = "<group>"; };
		3F2FF46F1C17377C00A06662 /* Base */ = {isa = PBXFileReference; lastKnownFileType = file.storyboard; name = Base; path = Base.lproj/Main.storyboard; sourceTree = "<group>"; };
		3F2FF4711C17377C00A06662 /* Assets.xcassets */ = {isa = PBXFileReference; lastKnownFileType = folder.assetcatalog; path = Assets.xcassets; sourceTree = "<group>"; };
		3F2FF4741C17377C00A06662 /* Base */ = {isa = PBXFileReference; lastKnownFileType = file.storyboard; name = Base; path = Base.lproj/LaunchScreen.storyboard; sourceTree = "<group>"; };
		3F2FF4761C17377C00A06662 /* Info.plist */ = {isa = PBXFileReference; lastKnownFileType = text.plist.xml; path = Info.plist; sourceTree = "<group>"; };
		3F2FF47B1C17377D00A06662 /* WarTests.xctest */ = {isa = PBXFileReference; explicitFileType = wrapper.cfbundle; includeInIndex = 0; path = WarTests.xctest; sourceTree = BUILT_PRODUCTS_DIR; };
		3F2FF47F1C17377D00A06662 /* WarTests.swift */ = {isa = PBXFileReference; lastKnownFileType = sourcecode.swift; path = WarTests.swift; sourceTree = "<group>"; };
		3F2FF4811C17377D00A06662 /* Info.plist */ = {isa = PBXFileReference; lastKnownFileType = text.plist.xml; path = Info.plist; sourceTree = "<group>"; };
		3F2FF4861C17377D00A06662 /* WarUITests.xctest */ = {isa = PBXFileReference; explicitFileType = wrapper.cfbundle; includeInIndex = 0; path = WarUITests.xctest; sourceTree = BUILT_PRODUCTS_DIR; };
		3F2FF48A1C17377D00A06662 /* WarUITests.swift */ = {isa = PBXFileReference; lastKnownFileType = sourcecode.swift; path = WarUITests.swift; sourceTree = "<group>"; };
		3F2FF48C1C17377D00A06662 /* Info.plist */ = {isa = PBXFileReference; lastKnownFileType = text.plist.xml; path = Info.plist; sourceTree = "<group>"; };
		3F2FF4981C1759EA00A06662 /* View2.swift */ = {isa = PBXFileReference; fileEncoding = 4; lastKnownFileType = sourcecode.swift; path = View2.swift; sourceTree = "<group>"; };
		3F2FF49A1C175BC100A06662 /* Card.swift */ = {isa = PBXFileReference; fileEncoding = 4; lastKnownFileType = sourcecode.swift; path = Card.swift; sourceTree = "<group>"; };
/* End PBXFileReference section */

/* Begin PBXFrameworksBuildPhase section */
		3F2FF4641C17377C00A06662 /* Frameworks */ = {
			isa = PBXFrameworksBuildPhase;
			buildActionMask = 2147483647;
			files = (
			);
			runOnlyForDeploymentPostprocessing = 0;
		};
		3F2FF4781C17377D00A06662 /* Frameworks */ = {
			isa = PBXFrameworksBuildPhase;
			buildActionMask = 2147483647;
			files = (
			);
			runOnlyForDeploymentPostprocessing = 0;
		};
		3F2FF4831C17377D00A06662 /* Frameworks */ = {
			isa = PBXFrameworksBuildPhase;
			buildActionMask = 2147483647;
			files = (
			);
			runOnlyForDeploymentPostprocessing = 0;
		};
/* End PBXFrameworksBuildPhase section */

/* Begin PBXGroup section */
		3F2FF45E1C17377C00A06662 = {
			isa = PBXGroup;
			children = (
				3F2FF4691C17377C00A06662 /* War */,
				3F2FF47E1C17377D00A06662 /* WarTests */,
				3F2FF4891C17377D00A06662 /* WarUITests */,
				3F2FF4681C17377C00A06662 /* Products */,
			);
			sourceTree = "<group>";
		};
		3F2FF4681C17377C00A06662 /* Products */ = {
			isa = PBXGroup;
			children = (
				3F2FF4671C17377C00A06662 /* War.app */,
				3F2FF47B1C17377D00A06662 /* WarTests.xctest */,
				3F2FF4861C17377D00A06662 /* WarUITests.xctest */,
			);
			name = Products;
			sourceTree = "<group>";
		};
		3F2FF4691C17377C00A06662 /* War */ = {
			isa = PBXGroup;
			children = (
				3F2FF46A1C17377C00A06662 /* AppDelegate.swift */,
				3F2FF46C1C17377C00A06662 /* ViewController.swift */,
				3F2FF46E1C17377C00A06662 /* Main.storyboard */,
				3F2FF49A1C175BC100A06662 /* Card.swift */,
				3F2FF4981C1759EA00A06662 /* View2.swift */,
				3F2FF4711C17377C00A06662 /* Assets.xcassets */,
				3F2FF4731C17377C00A06662 /* LaunchScreen.storyboard */,
				3F2FF4761C17377C00A06662 /* Info.plist */,
			);
			path = War;
			sourceTree = "<group>";
		};
		3F2FF47E1C17377D00A06662 /* WarTests */ = {
			isa = PBXGroup;
			children = (
				3F2FF47F1C17377D00A06662 /* WarTests.swift */,
				3F2FF4811C17377D00A06662 /* Info.plist */,
			);
			path = WarTests;
			sourceTree = "<group>";
		};
		3F2FF4891C17377D00A06662 /* WarUITests */ = {
			isa = PBXGroup;
			children = (
				3F2FF48A1C17377D00A06662 /* WarUITests.swift */,
				3F2FF48C1C17377D00A06662 /* Info.plist */,
			);
			path = WarUITests;
			sourceTree = "<group>";
		};
/* End PBXGroup section */

/* Begin PBXNativeTarget section */
		3F2FF4661C17377C00A06662 /* War */ = {
			isa = PBXNativeTarget;
			buildConfigurationList = 3F2FF48F1C17377D00A06662 /* Build configuration list for PBXNativeTarget "War" */;
			buildPhases = (
				3F2FF4631C17377C00A06662 /* Sources */,
				3F2FF4641C17377C00A06662 /* Frameworks */,
				3F2FF4651C17377C00A06662 /* Resources */,
			);
			buildRules = (
			);
			dependencies = (
			);
			name = War;
			productName = War;
			productReference = 3F2FF4671C17377C00A06662 /* War.app */;
			productType = "com.apple.product-type.application";
		};
		3F2FF47A1C17377D00A06662 /* WarTests */ = {
			isa = PBXNativeTarget;
			buildConfigurationList = 3F2FF4921C17377D00A06662 /* Build configuration list for PBXNativeTarget "WarTests" */;
			buildPhases = (
				3F2FF4771C17377D00A06662 /* Sources */,
				3F2FF4781C17377D00A06662 /* Frameworks */,
				3F2FF4791C17377D00A06662 /* Resources */,
			);
			buildRules = (
			);
			dependencies = (
				3F2FF47D1C17377D00A06662 /* PBXTargetDependency */,
			);
			name = WarTests;
			productName = WarTests;
			productReference = 3F2FF47B1C17377D00A06662 /* WarTests.xctest */;
			productType = "com.apple.product-type.bundle.unit-test";
		};
		3F2FF4851C17377D00A06662 /* WarUITests */ = {
			isa = PBXNativeTarget;
			buildConfigurationList = 3F2FF4951C17377D00A06662 /* Build configuration list for PBXNativeTarget "WarUITests" */;
			buildPhases = (
				3F2FF4821C17377D00A06662 /* Sources */,
				3F2FF4831C17377D00A06662 /* Frameworks */,
				3F2FF4841C17377D00A06662 /* Resources */,
			);
			buildRules = (
			);
			dependencies = (
				3F2FF4881C17377D00A06662 /* PBXTargetDependency */,
			);
			name = WarUITests;
			productName = WarUITests;
			productReference = 3F2FF4861C17377D00A06662 /* WarUITests.xctest */;
			productType = "com.apple.product-type.bundle.ui-testing";
		};
/* End PBXNativeTarget section */

/* Begin PBXProject section */
		3F2FF45F1C17377C00A06662 /* Project object */ = {
			isa = PBXProject;
			attributes = {
				LastSwiftUpdateCheck = 0710;
				LastUpgradeCheck = 0710;
				ORGANIZATIONNAME = Phammel;
				TargetAttributes = {
					3F2FF4661C17377C00A06662 = {
						CreatedOnToolsVersion = 7.1.1;
					};
					3F2FF47A1C17377D00A06662 = {
						CreatedOnToolsVersion = 7.1.1;
						TestTargetID = 3F2FF4661C17377C00A06662;
					};
					3F2FF4851C17377D00A06662 = {
						CreatedOnToolsVersion = 7.1.1;
						TestTargetID = 3F2FF4661C17377C00A06662;
					};
				};
			};
			buildConfigurationList = 3F2FF4621C17377C00A06662 /* Build configuration list for PBXProject "War" */;
			compatibilityVersion = "Xcode 3.2";
			developmentRegion = English;
			hasScannedForEncodings = 0;
			knownRegions = (
				en,
				Base,
			);
			mainGroup = 3F2FF45E1C17377C00A06662;
			productRefGroup = 3F2FF4681C17377C00A06662 /* Products */;
			projectDirPath = "";
			projectRoot = "";
			targets = (
				3F2FF4661C17377C00A06662 /* War */,
				3F2FF47A1C17377D00A06662 /* WarTests */,
				3F2FF4851C17377D00A06662 /* WarUITests */,
			);
		};
/* End PBXProject section */

/* Begin PBXResourcesBuildPhase section */
		3F2FF4651C17377C00A06662 /* Resources */ = {
			isa = PBXResourcesBuildPhase;
			buildActionMask = 2147483647;
			files = (
				3F2FF4751C17377C00A06662 /* LaunchScreen.storyboard in Resources */,
				3F2FF4721C17377C00A06662 /* Assets.xcassets in Resources */,
				3F2FF4701C17377C00A06662 /* Main.storyboard in Resources */,
			);
			runOnlyForDeploymentPostprocessing = 0;
		};
		3F2FF4791C17377D00A06662 /* Resources */ = {
			isa = PBXResourcesBuildPhase;
			buildActionMask = 2147483647;
			files = (
			);
			runOnlyForDeploymentPostprocessing = 0;
		};
		3F2FF4841C17377D00A06662 /* Resources */ = {
			isa = PBXResourcesBuildPhase;
			buildActionMask = 2147483647;
			files = (
			);
			runOnlyForDeploymentPostprocessing = 0;
		};
/* End PBXResourcesBuildPhase section */

/* Begin PBXSourcesBuildPhase section */
		3F2FF4631C17377C00A06662 /* Sources */ = {
			isa = PBXSourcesBuildPhase;
			buildActionMask = 2147483647;
			files = (
				3F2FF46D1C17377C00A06662 /* ViewController.swift in Sources */,
				3F2FF4991C1759EA00A06662 /* View2.swift in Sources */,
				3F2FF49B1C175BC100A06662 /* Card.swift in Sources */,
				3F2FF46B1C17377C00A06662 /* AppDelegate.swift in Sources */,
			);
			runOnlyForDeploymentPostprocessing = 0;
		};
		3F2FF4771C17377D00A06662 /* Sources */ = {
			isa = PBXSourcesBuildPhase;
			buildActionMask = 2147483647;
			files = (
				3F2FF4801C17377D00A06662 /* WarTests.swift in Sources */,
			);
			runOnlyForDeploymentPostprocessing = 0;
		};
		3F2FF4821C17377D00A06662 /* Sources */ = {
			isa = PBXSourcesBuildPhase;
			buildActionMask = 2147483647;
			files = (
				3F2FF48B1C17377D00A06662 /* WarUITests.swift in Sources */,
			);
			runOnlyForDeploymentPostprocessing = 0;
		};
/* End PBXSourcesBuildPhase section */

/* Begin PBXTargetDependency section */
		3F2FF47D1C17377D00A06662 /* PBXTargetDependency */ = {
			isa = PBXTargetDependency;
			target = 3F2FF4661C17377C00A06662 /* War */;
			targetProxy = 3F2FF47C1C17377D00A06662 /* PBXContainerItemProxy */;
		};
		3F2FF4881C17377D00A06662 /* PBXTargetDependency */ = {
			isa = PBXTargetDependency;
			target = 3F2FF4661C17377C00A06662 /* War */;
			targetProxy = 3F2FF4871C17377D00A06662 /* PBXContainerItemProxy */;
		};
/* End PBXTargetDependency section */

/* Begin PBXVariantGroup section */
		3F2FF46E1C17377C00A06662 /* Main.storyboard */ = {
			isa = PBXVariantGroup;
			children = (
				3F2FF46F1C17377C00A06662 /* Base */,
			);
			name = Main.storyboard;
			sourceTree = "<group>";
		};
		3F2FF4731C17377C00A06662 /* LaunchScreen.storyboard */ = {
			isa = PBXVariantGroup;
			children = (
				3F2FF4741C17377C00A06662 /* Base */,
			);
			name = LaunchScreen.storyboard;
			sourceTree = "<group>";
		};
/* End PBXVariantGroup section */

/* Begin XCBuildConfiguration section */
		3F2FF48D1C17377D00A06662 /* Debug */ = {
			isa = XCBuildConfiguration;
			buildSettings = {
				ALWAYS_SEARCH_USER_PATHS = NO;
				CLANG_CXX_LANGUAGE_STANDARD = "gnu++0x";
				CLANG_CXX_LIBRARY = "libc++";
				CLANG_ENABLE_MODULES = YES;
				CLANG_ENABLE_OBJC_ARC = YES;
				CLANG_WARN_BOOL_CONVERSION = YES;
				CLANG_WARN_CONSTANT_CONVERSION = YES;
				CLANG_WARN_DIRECT_OBJC_ISA_USAGE = YES_ERROR;
				CLANG_WARN_EMPTY_BODY = YES;
				CLANG_WARN_ENUM_CONVERSION = YES;
				CLANG_WARN_INT_CONVERSION = YES;
				CLANG_WARN_OBJC_ROOT_CLASS = YES_ERROR;
				CLANG_WARN_UNREACHABLE_CODE = YES;
				CLANG_WARN__DUPLICATE_METHOD_MATCH = YES;
				"CODE_SIGN_IDENTITY[sdk=iphoneos*]" = "iPhone Developer";
				COPY_PHASE_STRIP = NO;
				DEBUG_INFORMATION_FORMAT = dwarf;
				ENABLE_STRICT_OBJC_MSGSEND = YES;
				ENABLE_TESTABILITY = YES;
				GCC_C_LANGUAGE_STANDARD = gnu99;
				GCC_DYNAMIC_NO_PIC = NO;
				GCC_NO_COMMON_BLOCKS = YES;
				GCC_OPTIMIZATION_LEVEL = 0;
				GCC_PREPROCESSOR_DEFINITIONS = (
					"DEBUG=1",
					"$(inherited)",
				);
				GCC_WARN_64_TO_32_BIT_CONVERSION = YES;
				GCC_WARN_ABOUT_RETURN_TYPE = YES_ERROR;
				GCC_WARN_UNDECLARED_SELECTOR = YES;
				GCC_WARN_UNINITIALIZED_AUTOS = YES_AGGRESSIVE;
				GCC_WARN_UNUSED_FUNCTION = YES;
				GCC_WARN_UNUSED_VARIABLE = YES;
				IPHONEOS_DEPLOYMENT_TARGET = 9.1;
				MTL_ENABLE_DEBUG_INFO = YES;
				ONLY_ACTIVE_ARCH = YES;
				SDKROOT = iphoneos;
				SWIFT_OPTIMIZATION_LEVEL = "-Onone";
				TARGETED_DEVICE_FAMILY = "1,2";
			};
			name = Debug;
		};
		3F2FF48E1C17377D00A06662 /* Release */ = {
			isa = XCBuildConfiguration;
			buildSettings = {
				ALWAYS_SEARCH_USER_PATHS = NO;
				CLANG_CXX_LANGUAGE_STANDARD = "gnu++0x";
				CLANG_CXX_LIBRARY = "libc++";
				CLANG_ENABLE_MODULES = YES;
				CLANG_ENABLE_OBJC_ARC = YES;
				CLANG_WARN_BOOL_CONVERSION = YES;
				CLANG_WARN_CONSTANT_CONVERSION = YES;
				CLANG_WARN_DIRECT_OBJC_ISA_USAGE = YES_ERROR;
				CLANG_WARN_EMPTY_BODY = YES;
				CLANG_WARN_ENUM_CONVERSION = YES;
				CLANG_WARN_INT_CONVERSION = YES;
				CLANG_WARN_OBJC_ROOT_CLASS = YES_ERROR;
				CLANG_WARN_UNREACHABLE_CODE = YES;
				CLANG_WARN__DUPLICATE_METHOD_MATCH = YES;
				"CODE_SIGN_IDENTITY[sdk=iphoneos*]" = "iPhone Developer";
				COPY_PHASE_STRIP = NO;
				DEBUG_INFORMATION_FORMAT = "dwarf-with-dsym";
				ENABLE_NS_ASSERTIONS = NO;
				ENABLE_STRICT_OBJC_MSGSEND = YES;
				GCC_C_LANGUAGE_STANDARD = gnu99;
				GCC_NO_COMMON_BLOCKS = YES;
				GCC_WARN_64_TO_32_BIT_CONVERSION = YES;
				GCC_WARN_ABOUT_RETURN_TYPE = YES_ERROR;
				GCC_WARN_UNDECLARED_SELECTOR = YES;
				GCC_WARN_UNINITIALIZED_AUTOS = YES_AGGRESSIVE;
				GCC_WARN_UNUSED_FUNCTION = YES;
				GCC_WARN_UNUSED_VARIABLE = YES;
				IPHONEOS_DEPLOYMENT_TARGET = 9.1;
				MTL_ENABLE_DEBUG_INFO = NO;
				SDKROOT = iphoneos;
				TARGETED_DEVICE_FAMILY = "1,2";
				VALIDATE_PRODUCT = YES;
			};
			name = Release;
		};
		3F2FF4901C17377D00A06662 /* Debug */ = {
			isa = XCBuildConfiguration;
			buildSettings = {
				ASSETCATALOG_COMPILER_APPICON_NAME = AppIcon;
				INFOPLIST_FILE = War/Info.plist;
				LD_RUNPATH_SEARCH_PATHS = "$(inherited) @executable_path/Frameworks";
				PRODUCT_BUNDLE_IDENTIFIER = Phammel.War;
				PRODUCT_NAME = "$(TARGET_NAME)";
			};
			name = Debug;
		};
		3F2FF4911C17377D00A06662 /* Release */ = {
			isa = XCBuildConfiguration;
			buildSettings = {
				ASSETCATALOG_COMPILER_APPICON_NAME = AppIcon;
				INFOPLIST_FILE = War/Info.plist;
				LD_RUNPATH_SEARCH_PATHS = "$(inherited) @executable_path/Frameworks";
				PRODUCT_BUNDLE_IDENTIFIER = Phammel.War;
				PRODUCT_NAME = "$(TARGET_NAME)";
			};
			name = Release;
		};
		3F2FF4931C17377D00A06662 /* Debug */ = {
			isa = XCBuildConfiguration;
			buildSettings = {
				BUNDLE_LOADER = "$(TEST_HOST)";
				INFOPLIST_FILE = WarTests/Info.plist;
				LD_RUNPATH_SEARCH_PATHS = "$(inherited) @executable_path/Frameworks @loader_path/Frameworks";
				PRODUCT_BUNDLE_IDENTIFIER = Phammel.WarTests;
				PRODUCT_NAME = "$(TARGET_NAME)";
				TEST_HOST = "$(BUILT_PRODUCTS_DIR)/War.app/War";
			};
			name = Debug;
		};
		3F2FF4941C17377D00A06662 /* Release */ = {
			isa = XCBuildConfiguration;
			buildSettings = {
				BUNDLE_LOADER = "$(TEST_HOST)";
				INFOPLIST_FILE = WarTests/Info.plist;
				LD_RUNPATH_SEARCH_PATHS = "$(inherited) @executable_path/Frameworks @loader_path/Frameworks";
				PRODUCT_BUNDLE_IDENTIFIER = Phammel.WarTests;
				PRODUCT_NAME = "$(TARGET_NAME)";
				TEST_HOST = "$(BUILT_PRODUCTS_DIR)/War.app/War";
			};
			name = Release;
		};
		3F2FF4961C17377D00A06662 /* Debug */ = {
			isa = XCBuildConfiguration;
			buildSettings = {
				INFOPLIST_FILE = WarUITests/Info.plist;
				LD_RUNPATH_SEARCH_PATHS = "$(inherited) @executable_path/Frameworks @loader_path/Frameworks";
				PRODUCT_BUNDLE_IDENTIFIER = Phammel.WarUITests;
				PRODUCT_NAME = "$(TARGET_NAME)";
				TEST_TARGET_NAME = War;
				USES_XCTRUNNER = YES;
			};
			name = Debug;
		};
		3F2FF4971C17377D00A06662 /* Release */ = {
			isa = XCBuildConfiguration;
			buildSettings = {
				INFOPLIST_FILE = WarUITests/Info.plist;
				LD_RUNPATH_SEARCH_PATHS = "$(inherited) @executable_path/Frameworks @loader_path/Frameworks";
				PRODUCT_BUNDLE_IDENTIFIER = Phammel.WarUITests;
				PRODUCT_NAME = "$(TARGET_NAME)";
				TEST_TARGET_NAME = War;
				USES_XCTRUNNER = YES;
			};
			name = Release;
		};
/* End XCBuildConfiguration section */

/* Begin XCConfigurationList section */
		3F2FF4621C17377C00A06662 /* Build configuration list for PBXProject "War" */ = {
			isa = XCConfigurationList;
			buildConfigurations = (
				3F2FF48D1C17377D00A06662 /* Debug */,
				3F2FF48E1C17377D00A06662 /* Release */,
			);
			defaultConfigurationIsVisible = 0;
			defaultConfigurationName = Release;
		};
		3F2FF48F1C17377D00A06662 /* Build configuration list for PBXNativeTarget "War" */ = {
			isa = XCConfigurationList;
			buildConfigurations = (
				3F2FF4901C17377D00A06662 /* Debug */,
				3F2FF4911C17377D00A06662 /* Release */,
			);
			defaultConfigurationIsVisible = 0;
			defaultConfigurationName = Release;
		};
		3F2FF4921C17377D00A06662 /* Build configuration list for PBXNativeTarget "WarTests" */ = {
			isa = XCConfigurationList;
			buildConfigurations = (
				3F2FF4931C17377D00A06662 /* Debug */,
				3F2FF4941C17377D00A06662 /* Release */,
			);
			defaultConfigurationIsVisible = 0;
			defaultConfigurationName = Release;
		};
		3F2FF4951C17377D00A06662 /* Build configuration list for PBXNativeTarget "WarUITests" */ = {
			isa = XCConfigurationList;
			buildConfigurations = (
				3F2FF4961C17377D00A06662 /* Debug */,
				3F2FF4971C17377D00A06662 /* Release */,
			);
			defaultConfigurationIsVisible = 0;
			defaultConfigurationName = Release;
		};
/* End XCConfigurationList section */
	};
	rootObject = 3F2FF45F1C17377C00A06662 /* Project object */;
}
